
Microsoft Visual Studio Solution File, Format Version 12.00
# Visual Studio Version 17
VisualStudioVersion = 17.5.002.0
MinimumVisualStudioVersion = 10.0.40219.1
Project("{9A19103F-16F7-4668-BE54-9A1E7A4F7556}") = "finite_automata", "finite_automata.csproj", "{3EFF1B89-EF34-4081-BFD0-42F141DEA9E0}"
EndProject
Global
	GlobalSection(SolutionConfigurationPlatforms) = preSolution
		Debug|Any CPU = Debug|Any CPU
		Release|Any CPU = Release|Any CPU
	EndGlobalSection
	GlobalSection(ProjectConfigurationPlatforms) = postSolution
		{3EFF1B89-EF34-4081-BFD0-42F141DEA9E0}.Debug|Any CPU.ActiveCfg = Debug|Any CPU
		{3EFF1B89-EF34-4081-BFD0-42F141DEA9E0}.Debug|Any CPU.Build.0 = Debug|Any CPU
		{3EFF1B89-EF34-4081-BFD0-42F141DEA9E0}.Release|Any CPU.ActiveCfg = Release|Any CPU
		{3EFF1B89-EF34-4081-BFD0-42F141DEA9E0}.Release|Any CPU.Build.0 = Release|Any CPU
	EndGlobalSection
	GlobalSection(SolutionProperties) = preSolution
		HideSolutionNode = FALSE
	EndGlobalSection
	GlobalSection(ExtensibilityGlobals) = postSolution
		SolutionGuid = {699E4D42-3198-4B3E-A952-A5E034F82DA6}
	EndGlobalSection
EndGlobal
